// !$*UTF8*$!
{
	archiveVersion = 1;
	classes = {
	};
	objectVersion = 51;
	objects = {

/* Begin PBXBuildFile section */
		6DBE69D0110C19D4F896EE8C /* Pods_DasHalloProjekt.framework in Frameworks */ = {isa = PBXBuildFile; fileRef = 866B818150B28188CE9D0FE7 /* Pods_DasHalloProjekt.framework */; };
		827F850AF2C26AA298E14D8E /* Pods_DasHalloProjekt_DasHalloProjektUITests.framework in Frameworks */ = {isa = PBXBuildFile; fileRef = CD50174B5A97FCB314D8DB71 /* Pods_DasHalloProjekt_DasHalloProjektUITests.framework */; };
		8A41BE072539D6C100029228 /* AppDelegate.swift in Sources */ = {isa = PBXBuildFile; fileRef = 8A41BE062539D6C100029228 /* AppDelegate.swift */; };
		8A41BE092539D6C100029228 /* SceneDelegate.swift in Sources */ = {isa = PBXBuildFile; fileRef = 8A41BE082539D6C100029228 /* SceneDelegate.swift */; };
		8A41BE0D2539D6C400029228 /* Assets.xcassets in Resources */ = {isa = PBXBuildFile; fileRef = 8A41BE0C2539D6C400029228 /* Assets.xcassets */; };
		8A41BE102539D6C400029228 /* Preview Assets.xcassets in Resources */ = {isa = PBXBuildFile; fileRef = 8A41BE0F2539D6C400029228 /* Preview Assets.xcassets */; };
		8A41BE132539D6C400029228 /* LaunchScreen.storyboard in Resources */ = {isa = PBXBuildFile; fileRef = 8A41BE112539D6C400029228 /* LaunchScreen.storyboard */; };
		8A41BE1E2539D6C500029228 /* DasHalloProjektTests.swift in Sources */ = {isa = PBXBuildFile; fileRef = 8A41BE1D2539D6C500029228 /* DasHalloProjektTests.swift */; };
		8A41BE292539D6C500029228 /* DasHalloProjektUITests.swift in Sources */ = {isa = PBXBuildFile; fileRef = 8A41BE282539D6C500029228 /* DasHalloProjektUITests.swift */; };
		8A592C3E2547568E00E0B7E9 /* NetworkManager.swift in Sources */ = {isa = PBXBuildFile; fileRef = 8A592C3D2547568E00E0B7E9 /* NetworkManager.swift */; };
		8A592C46254758E400E0B7E9 /* EventsViewModel.swift in Sources */ = {isa = PBXBuildFile; fileRef = 8A592C45254758E400E0B7E9 /* EventsViewModel.swift */; };
		8A9B6D70253F07D800E6CC0C /* SettingsView.swift in Sources */ = {isa = PBXBuildFile; fileRef = 8A9B6D6F253F07D800E6CC0C /* SettingsView.swift */; };
		8A9B6D75253F088F00E6CC0C /* InfoView.swift in Sources */ = {isa = PBXBuildFile; fileRef = 8A9B6D74253F088F00E6CC0C /* InfoView.swift */; };
		8A9B6D82253F2FD900E6CC0C /* AccountSignUpView.swift in Sources */ = {isa = PBXBuildFile; fileRef = 8A9B6D81253F2FD900E6CC0C /* AccountSignUpView.swift */; };
		8AA3C52D253CB9F200ACBE64 /* EventsTableView.swift in Sources */ = {isa = PBXBuildFile; fileRef = 8AA3C52C253CB9F100ACBE64 /* EventsTableView.swift */; };
		8AA3C538253CC04F00ACBE64 /* Colors.swift in Sources */ = {isa = PBXBuildFile; fileRef = 8AA3C537253CC04F00ACBE64 /* Colors.swift */; };
		8AA3C55B253CD87800ACBE64 /* EventRow.swift in Sources */ = {isa = PBXBuildFile; fileRef = 8AA3C55A253CD87800ACBE64 /* EventRow.swift */; };
		8AA3C560253CDD4E00ACBE64 /* Font.swift in Sources */ = {isa = PBXBuildFile; fileRef = 8AA3C55F253CDD4E00ACBE64 /* Font.swift */; };
		8AAC35E3253F743500EBF480 /* ForgetPasswordView.swift in Sources */ = {isa = PBXBuildFile; fileRef = 8AAC35E2253F743500EBF480 /* ForgetPasswordView.swift */; };
		8AB2AED5253F395E00CA1A58 /* StaticStrings.swift in Sources */ = {isa = PBXBuildFile; fileRef = 8AB2AED4253F395E00CA1A58 /* StaticStrings.swift */; };
		8AB2AF54253F69D900CA1A58 /* GoogleService-Info.plist in Resources */ = {isa = PBXBuildFile; fileRef = 8AB2AF53253F69D900CA1A58 /* GoogleService-Info.plist */; };
		8AB2AF72253F6B3C00CA1A58 /* AccountLoginIn.swift in Sources */ = {isa = PBXBuildFile; fileRef = 8AB2AF71253F6B3B00CA1A58 /* AccountLoginIn.swift */; };
		8AC28792254222A700196D33 /* View.swift in Sources */ = {isa = PBXBuildFile; fileRef = 8AC28791254222A700196D33 /* View.swift */; };
		8AC2879A2542290700196D33 /* ActivityIndicator.swift in Sources */ = {isa = PBXBuildFile; fileRef = 8AC287992542290700196D33 /* ActivityIndicator.swift */; };
		8AC2879F2543568F00196D33 /* HamburgerMenu.swift in Sources */ = {isa = PBXBuildFile; fileRef = 8AC2879E2543568F00196D33 /* HamburgerMenu.swift */; };
		8AC287BD254363C000196D33 /* NavigationConfigurator.swift in Sources */ = {isa = PBXBuildFile; fileRef = 8AC287BC254363C000196D33 /* NavigationConfigurator.swift */; };
		8AC287C22544361B00196D33 /* String.swift in Sources */ = {isa = PBXBuildFile; fileRef = 8AC287C12544361B00196D33 /* String.swift */; };
		8AC287E925443B6200196D33 /* Toast.swift in Sources */ = {isa = PBXBuildFile; fileRef = 8AC287E825443B6200196D33 /* Toast.swift */; };
		8AF9A0102544D81A00A4A5FA /* Event.swift in Sources */ = {isa = PBXBuildFile; fileRef = 8AF9A00F2544D81A00A4A5FA /* Event.swift */; };
		8AF9A0152544DAD800A4A5FA /* RootView.swift in Sources */ = {isa = PBXBuildFile; fileRef = 8AF9A0142544DAD800A4A5FA /* RootView.swift */; };
		B5DF06F0258D055100CE332B /* User.swift in Sources */ = {isa = PBXBuildFile; fileRef = B5DF06EF258D055100CE332B /* User.swift */; };
		B5DF06F5258D0EBB00CE332B /* EventsDetailView.swift in Sources */ = {isa = PBXBuildFile; fileRef = B5DF06F4258D0EBB00CE332B /* EventsDetailView.swift */; };
		B5DF0702258D121100CE332B /* EventsDetailAboutRow.swift in Sources */ = {isa = PBXBuildFile; fileRef = B5DF0701258D121100CE332B /* EventsDetailAboutRow.swift */; };
		B5DF0707258D122C00CE332B /* EventsDetailParticipantsRow.swift in Sources */ = {isa = PBXBuildFile; fileRef = B5DF0706258D122C00CE332B /* EventsDetailParticipantsRow.swift */; };
		B5DF070C258D123F00CE332B /* EventsDetailAdminRow.swift in Sources */ = {isa = PBXBuildFile; fileRef = B5DF070B258D123F00CE332B /* EventsDetailAdminRow.swift */; };
		B5DF0714258FDF4400CE332B /* PrivacyDataViewModel.swift in Sources */ = {isa = PBXBuildFile; fileRef = B5DF0713258FDF4400CE332B /* PrivacyDataViewModel.swift */; };
		B5DF0719258FE30600CE332B /* PrivacyDataView.swift in Sources */ = {isa = PBXBuildFile; fileRef = B5DF0718258FE30600CE332B /* PrivacyDataView.swift */; };
		C50D87D6E0E6B3B02038CA26 /* Pods_DasHalloProjektTests.framework in Frameworks */ = {isa = PBXBuildFile; fileRef = 8BECA344B4586A7BF5AF4C87 /* Pods_DasHalloProjektTests.framework */; };
/* End PBXBuildFile section */

/* Begin PBXContainerItemProxy section */
		8A41BE1A2539D6C500029228 /* PBXContainerItemProxy */ = {
			isa = PBXContainerItemProxy;
			containerPortal = 8A41BDFB2539D6C000029228 /* Project object */;
			proxyType = 1;
			remoteGlobalIDString = 8A41BE022539D6C100029228;
			remoteInfo = DasHalloProjekt;
		};
		8A41BE252539D6C500029228 /* PBXContainerItemProxy */ = {
			isa = PBXContainerItemProxy;
			containerPortal = 8A41BDFB2539D6C000029228 /* Project object */;
			proxyType = 1;
			remoteGlobalIDString = 8A41BE022539D6C100029228;
			remoteInfo = DasHalloProjekt;
		};
/* End PBXContainerItemProxy section */

/* Begin PBXFileReference section */
		03CCB87C647F884CFA872974 /* Pods-DasHalloProjektTests.release.xcconfig */ = {isa = PBXFileReference; includeInIndex = 1; lastKnownFileType = text.xcconfig; name = "Pods-DasHalloProjektTests.release.xcconfig"; path = "Target Support Files/Pods-DasHalloProjektTests/Pods-DasHalloProjektTests.release.xcconfig"; sourceTree = "<group>"; };
		425D0A8F3E14D60E116D9E15 /* Pods-DasHalloProjekt-DasHalloProjektUITests.debug.xcconfig */ = {isa = PBXFileReference; includeInIndex = 1; lastKnownFileType = text.xcconfig; name = "Pods-DasHalloProjekt-DasHalloProjektUITests.debug.xcconfig"; path = "Target Support Files/Pods-DasHalloProjekt-DasHalloProjektUITests/Pods-DasHalloProjekt-DasHalloProjektUITests.debug.xcconfig"; sourceTree = "<group>"; };
		50177B87F427BA40B99D21B2 /* Pods-DasHalloProjekt-DasHalloProjektUITests.release.xcconfig */ = {isa = PBXFileReference; includeInIndex = 1; lastKnownFileType = text.xcconfig; name = "Pods-DasHalloProjekt-DasHalloProjektUITests.release.xcconfig"; path = "Target Support Files/Pods-DasHalloProjekt-DasHalloProjektUITests/Pods-DasHalloProjekt-DasHalloProjektUITests.release.xcconfig"; sourceTree = "<group>"; };
		7C87B693E9CE2EE28FA1DB3D /* Pods-DasHalloProjektTests.debug.xcconfig */ = {isa = PBXFileReference; includeInIndex = 1; lastKnownFileType = text.xcconfig; name = "Pods-DasHalloProjektTests.debug.xcconfig"; path = "Target Support Files/Pods-DasHalloProjektTests/Pods-DasHalloProjektTests.debug.xcconfig"; sourceTree = "<group>"; };
		866B818150B28188CE9D0FE7 /* Pods_DasHalloProjekt.framework */ = {isa = PBXFileReference; explicitFileType = wrapper.framework; includeInIndex = 0; path = Pods_DasHalloProjekt.framework; sourceTree = BUILT_PRODUCTS_DIR; };
		8A41BE032539D6C100029228 /* DasHalloProjekt.app */ = {isa = PBXFileReference; explicitFileType = wrapper.application; includeInIndex = 0; path = DasHalloProjekt.app; sourceTree = BUILT_PRODUCTS_DIR; };
		8A41BE062539D6C100029228 /* AppDelegate.swift */ = {isa = PBXFileReference; lastKnownFileType = sourcecode.swift; path = AppDelegate.swift; sourceTree = "<group>"; };
		8A41BE082539D6C100029228 /* SceneDelegate.swift */ = {isa = PBXFileReference; lastKnownFileType = sourcecode.swift; path = SceneDelegate.swift; sourceTree = "<group>"; };
		8A41BE0C2539D6C400029228 /* Assets.xcassets */ = {isa = PBXFileReference; lastKnownFileType = folder.assetcatalog; path = Assets.xcassets; sourceTree = "<group>"; };
		8A41BE0F2539D6C400029228 /* Preview Assets.xcassets */ = {isa = PBXFileReference; lastKnownFileType = folder.assetcatalog; path = "Preview Assets.xcassets"; sourceTree = "<group>"; };
		8A41BE122539D6C400029228 /* Base */ = {isa = PBXFileReference; lastKnownFileType = file.storyboard; name = Base; path = Base.lproj/LaunchScreen.storyboard; sourceTree = "<group>"; };
		8A41BE142539D6C400029228 /* Info.plist */ = {isa = PBXFileReference; lastKnownFileType = text.plist.xml; path = Info.plist; sourceTree = "<group>"; };
		8A41BE192539D6C500029228 /* DasHalloProjektTests.xctest */ = {isa = PBXFileReference; explicitFileType = wrapper.cfbundle; includeInIndex = 0; path = DasHalloProjektTests.xctest; sourceTree = BUILT_PRODUCTS_DIR; };
		8A41BE1D2539D6C500029228 /* DasHalloProjektTests.swift */ = {isa = PBXFileReference; lastKnownFileType = sourcecode.swift; path = DasHalloProjektTests.swift; sourceTree = "<group>"; };
		8A41BE1F2539D6C500029228 /* Info.plist */ = {isa = PBXFileReference; lastKnownFileType = text.plist.xml; path = Info.plist; sourceTree = "<group>"; };
		8A41BE242539D6C500029228 /* DasHalloProjektUITests.xctest */ = {isa = PBXFileReference; explicitFileType = wrapper.cfbundle; includeInIndex = 0; path = DasHalloProjektUITests.xctest; sourceTree = BUILT_PRODUCTS_DIR; };
		8A41BE282539D6C500029228 /* DasHalloProjektUITests.swift */ = {isa = PBXFileReference; lastKnownFileType = sourcecode.swift; path = DasHalloProjektUITests.swift; sourceTree = "<group>"; };
		8A41BE2A2539D6C500029228 /* Info.plist */ = {isa = PBXFileReference; lastKnownFileType = text.plist.xml; path = Info.plist; sourceTree = "<group>"; };
		8A592C3D2547568E00E0B7E9 /* NetworkManager.swift */ = {isa = PBXFileReference; lastKnownFileType = sourcecode.swift; path = NetworkManager.swift; sourceTree = "<group>"; };
		8A592C45254758E400E0B7E9 /* EventsViewModel.swift */ = {isa = PBXFileReference; lastKnownFileType = sourcecode.swift; path = EventsViewModel.swift; sourceTree = "<group>"; };
		8A9B6D6F253F07D800E6CC0C /* SettingsView.swift */ = {isa = PBXFileReference; lastKnownFileType = sourcecode.swift; path = SettingsView.swift; sourceTree = "<group>"; };
		8A9B6D74253F088F00E6CC0C /* InfoView.swift */ = {isa = PBXFileReference; lastKnownFileType = sourcecode.swift; path = InfoView.swift; sourceTree = "<group>"; };
		8A9B6D81253F2FD900E6CC0C /* AccountSignUpView.swift */ = {isa = PBXFileReference; lastKnownFileType = sourcecode.swift; path = AccountSignUpView.swift; sourceTree = "<group>"; };
		8AA3C52C253CB9F100ACBE64 /* EventsTableView.swift */ = {isa = PBXFileReference; lastKnownFileType = sourcecode.swift; path = EventsTableView.swift; sourceTree = "<group>"; };
		8AA3C537253CC04F00ACBE64 /* Colors.swift */ = {isa = PBXFileReference; lastKnownFileType = sourcecode.swift; path = Colors.swift; sourceTree = "<group>"; };
		8AA3C55A253CD87800ACBE64 /* EventRow.swift */ = {isa = PBXFileReference; lastKnownFileType = sourcecode.swift; path = EventRow.swift; sourceTree = "<group>"; };
		8AA3C55F253CDD4E00ACBE64 /* Font.swift */ = {isa = PBXFileReference; lastKnownFileType = sourcecode.swift; path = Font.swift; sourceTree = "<group>"; };
		8AAC35E2253F743500EBF480 /* ForgetPasswordView.swift */ = {isa = PBXFileReference; lastKnownFileType = sourcecode.swift; path = ForgetPasswordView.swift; sourceTree = "<group>"; };
		8AB2AED4253F395E00CA1A58 /* StaticStrings.swift */ = {isa = PBXFileReference; lastKnownFileType = sourcecode.swift; path = StaticStrings.swift; sourceTree = "<group>"; };
		8AB2AF53253F69D900CA1A58 /* GoogleService-Info.plist */ = {isa = PBXFileReference; fileEncoding = 4; lastKnownFileType = text.plist.xml; path = "GoogleService-Info.plist"; sourceTree = "<group>"; };
		8AB2AF71253F6B3B00CA1A58 /* AccountLoginIn.swift */ = {isa = PBXFileReference; lastKnownFileType = sourcecode.swift; path = AccountLoginIn.swift; sourceTree = "<group>"; };
		8AC28791254222A700196D33 /* View.swift */ = {isa = PBXFileReference; lastKnownFileType = sourcecode.swift; path = View.swift; sourceTree = "<group>"; };
		8AC287992542290700196D33 /* ActivityIndicator.swift */ = {isa = PBXFileReference; lastKnownFileType = sourcecode.swift; path = ActivityIndicator.swift; sourceTree = "<group>"; };
		8AC2879E2543568F00196D33 /* HamburgerMenu.swift */ = {isa = PBXFileReference; lastKnownFileType = sourcecode.swift; path = HamburgerMenu.swift; sourceTree = "<group>"; };
		8AC287BC254363C000196D33 /* NavigationConfigurator.swift */ = {isa = PBXFileReference; lastKnownFileType = sourcecode.swift; path = NavigationConfigurator.swift; sourceTree = "<group>"; };
		8AC287C12544361B00196D33 /* String.swift */ = {isa = PBXFileReference; lastKnownFileType = sourcecode.swift; path = String.swift; sourceTree = "<group>"; };
		8AC287E825443B6200196D33 /* Toast.swift */ = {isa = PBXFileReference; lastKnownFileType = sourcecode.swift; path = Toast.swift; sourceTree = "<group>"; };
		8AF9A00F2544D81A00A4A5FA /* Event.swift */ = {isa = PBXFileReference; lastKnownFileType = sourcecode.swift; path = Event.swift; sourceTree = "<group>"; };
		8AF9A0142544DAD800A4A5FA /* RootView.swift */ = {isa = PBXFileReference; lastKnownFileType = sourcecode.swift; path = RootView.swift; sourceTree = "<group>"; };
		8BECA344B4586A7BF5AF4C87 /* Pods_DasHalloProjektTests.framework */ = {isa = PBXFileReference; explicitFileType = wrapper.framework; includeInIndex = 0; path = Pods_DasHalloProjektTests.framework; sourceTree = BUILT_PRODUCTS_DIR; };
		B5DF06EF258D055100CE332B /* User.swift */ = {isa = PBXFileReference; lastKnownFileType = sourcecode.swift; path = User.swift; sourceTree = "<group>"; };
		B5DF06F4258D0EBB00CE332B /* EventsDetailView.swift */ = {isa = PBXFileReference; lastKnownFileType = sourcecode.swift; path = EventsDetailView.swift; sourceTree = "<group>"; };
		B5DF0701258D121100CE332B /* EventsDetailAboutRow.swift */ = {isa = PBXFileReference; lastKnownFileType = sourcecode.swift; path = EventsDetailAboutRow.swift; sourceTree = "<group>"; };
		B5DF0706258D122C00CE332B /* EventsDetailParticipantsRow.swift */ = {isa = PBXFileReference; lastKnownFileType = sourcecode.swift; path = EventsDetailParticipantsRow.swift; sourceTree = "<group>"; };
		B5DF070B258D123F00CE332B /* EventsDetailAdminRow.swift */ = {isa = PBXFileReference; lastKnownFileType = sourcecode.swift; path = EventsDetailAdminRow.swift; sourceTree = "<group>"; };
		B5DF0713258FDF4400CE332B /* PrivacyDataViewModel.swift */ = {isa = PBXFileReference; lastKnownFileType = sourcecode.swift; path = PrivacyDataViewModel.swift; sourceTree = "<group>"; };
		B5DF0718258FE30600CE332B /* PrivacyDataView.swift */ = {isa = PBXFileReference; lastKnownFileType = sourcecode.swift; path = PrivacyDataView.swift; sourceTree = "<group>"; };
		B62EF8125FB4D82CD06D32A4 /* Pods-DasHalloProjekt.debug.xcconfig */ = {isa = PBXFileReference; includeInIndex = 1; lastKnownFileType = text.xcconfig; name = "Pods-DasHalloProjekt.debug.xcconfig"; path = "Target Support Files/Pods-DasHalloProjekt/Pods-DasHalloProjekt.debug.xcconfig"; sourceTree = "<group>"; };
		CD50174B5A97FCB314D8DB71 /* Pods_DasHalloProjekt_DasHalloProjektUITests.framework */ = {isa = PBXFileReference; explicitFileType = wrapper.framework; includeInIndex = 0; path = Pods_DasHalloProjekt_DasHalloProjektUITests.framework; sourceTree = BUILT_PRODUCTS_DIR; };
		D68FDBA4C3C1176DC520CD4B /* Pods-DasHalloProjekt.release.xcconfig */ = {isa = PBXFileReference; includeInIndex = 1; lastKnownFileType = text.xcconfig; name = "Pods-DasHalloProjekt.release.xcconfig"; path = "Target Support Files/Pods-DasHalloProjekt/Pods-DasHalloProjekt.release.xcconfig"; sourceTree = "<group>"; };
/* End PBXFileReference section */

/* Begin PBXFrameworksBuildPhase section */
		8A41BE002539D6C100029228 /* Frameworks */ = {
			isa = PBXFrameworksBuildPhase;
			buildActionMask = 2147483647;
			files = (
				6DBE69D0110C19D4F896EE8C /* Pods_DasHalloProjekt.framework in Frameworks */,
			);
			runOnlyForDeploymentPostprocessing = 0;
		};
		8A41BE162539D6C500029228 /* Frameworks */ = {
			isa = PBXFrameworksBuildPhase;
			buildActionMask = 2147483647;
			files = (
				C50D87D6E0E6B3B02038CA26 /* Pods_DasHalloProjektTests.framework in Frameworks */,
			);
			runOnlyForDeploymentPostprocessing = 0;
		};
		8A41BE212539D6C500029228 /* Frameworks */ = {
			isa = PBXFrameworksBuildPhase;
			buildActionMask = 2147483647;
			files = (
				827F850AF2C26AA298E14D8E /* Pods_DasHalloProjekt_DasHalloProjektUITests.framework in Frameworks */,
			);
			runOnlyForDeploymentPostprocessing = 0;
		};
/* End PBXFrameworksBuildPhase section */

/* Begin PBXGroup section */
		5F50572B564A71FAF9697E69 /* Pods */ = {
			isa = PBXGroup;
			children = (
				B62EF8125FB4D82CD06D32A4 /* Pods-DasHalloProjekt.debug.xcconfig */,
				D68FDBA4C3C1176DC520CD4B /* Pods-DasHalloProjekt.release.xcconfig */,
				425D0A8F3E14D60E116D9E15 /* Pods-DasHalloProjekt-DasHalloProjektUITests.debug.xcconfig */,
				50177B87F427BA40B99D21B2 /* Pods-DasHalloProjekt-DasHalloProjektUITests.release.xcconfig */,
				7C87B693E9CE2EE28FA1DB3D /* Pods-DasHalloProjektTests.debug.xcconfig */,
				03CCB87C647F884CFA872974 /* Pods-DasHalloProjektTests.release.xcconfig */,
			);
			path = Pods;
			sourceTree = "<group>";
		};
		8A41BDFA2539D6C000029228 = {
			isa = PBXGroup;
			children = (
				8A41BE052539D6C100029228 /* DasHalloProjekt */,
				8A41BE1C2539D6C500029228 /* DasHalloProjektTests */,
				8A41BE272539D6C500029228 /* DasHalloProjektUITests */,
				8A41BE042539D6C100029228 /* Products */,
				5F50572B564A71FAF9697E69 /* Pods */,
				F5633403600FE582FC2DB72E /* Frameworks */,
			);
			sourceTree = "<group>";
		};
		8A41BE042539D6C100029228 /* Products */ = {
			isa = PBXGroup;
			children = (
				8A41BE032539D6C100029228 /* DasHalloProjekt.app */,
				8A41BE192539D6C500029228 /* DasHalloProjektTests.xctest */,
				8A41BE242539D6C500029228 /* DasHalloProjektUITests.xctest */,
			);
			name = Products;
			sourceTree = "<group>";
		};
		8A41BE052539D6C100029228 /* DasHalloProjekt */ = {
			isa = PBXGroup;
			children = (
				8A592C312547550000E0B7E9 /* Remote Service */,
				8AC287902542229900196D33 /* Extension */,
				8AA3C525253CB5C500ACBE64 /* Helpers */,
				8AA3C524253CB5BB00ACBE64 /* View Model */,
				8AA3C523253CB5B600ACBE64 /* View */,
				8AA3C522253CB5AF00ACBE64 /* Model */,
				8A41BE062539D6C100029228 /* AppDelegate.swift */,
				8A41BE082539D6C100029228 /* SceneDelegate.swift */,
				8A41BE0C2539D6C400029228 /* Assets.xcassets */,
				8A41BE112539D6C400029228 /* LaunchScreen.storyboard */,
				8A41BE142539D6C400029228 /* Info.plist */,
				8AB2AF53253F69D900CA1A58 /* GoogleService-Info.plist */,
				8A41BE0E2539D6C400029228 /* Preview Content */,
			);
			path = DasHalloProjekt;
			sourceTree = "<group>";
		};
		8A41BE0E2539D6C400029228 /* Preview Content */ = {
			isa = PBXGroup;
			children = (
				8A41BE0F2539D6C400029228 /* Preview Assets.xcassets */,
			);
			path = "Preview Content";
			sourceTree = "<group>";
		};
		8A41BE1C2539D6C500029228 /* DasHalloProjektTests */ = {
			isa = PBXGroup;
			children = (
				8A41BE1D2539D6C500029228 /* DasHalloProjektTests.swift */,
				8A41BE1F2539D6C500029228 /* Info.plist */,
			);
			path = DasHalloProjektTests;
			sourceTree = "<group>";
		};
		8A41BE272539D6C500029228 /* DasHalloProjektUITests */ = {
			isa = PBXGroup;
			children = (
				8A41BE282539D6C500029228 /* DasHalloProjektUITests.swift */,
				8A41BE2A2539D6C500029228 /* Info.plist */,
			);
			path = DasHalloProjektUITests;
			sourceTree = "<group>";
		};
		8A592C312547550000E0B7E9 /* Remote Service */ = {
			isa = PBXGroup;
			children = (
				8A592C3D2547568E00E0B7E9 /* NetworkManager.swift */,
			);
			path = "Remote Service";
			sourceTree = "<group>";
		};
		8A9B6D86253F307F00E6CC0C /* Events */ = {
			isa = PBXGroup;
			children = (
				8AA3C52C253CB9F100ACBE64 /* EventsTableView.swift */,
				8AA3C55A253CD87800ACBE64 /* EventRow.swift */,
				B5DF06F4258D0EBB00CE332B /* EventsDetailView.swift */,
				B5DF0701258D121100CE332B /* EventsDetailAboutRow.swift */,
				B5DF0706258D122C00CE332B /* EventsDetailParticipantsRow.swift */,
				B5DF070B258D123F00CE332B /* EventsDetailAdminRow.swift */,
			);
			path = Events;
			sourceTree = "<group>";
		};
		8A9B6D87253F308700E6CC0C /* Account */ = {
			isa = PBXGroup;
			children = (
				8A9B6D81253F2FD900E6CC0C /* AccountSignUpView.swift */,
				8AB2AF71253F6B3B00CA1A58 /* AccountLoginIn.swift */,
				8AAC35E2253F743500EBF480 /* ForgetPasswordView.swift */,
			);
			path = Account;
			sourceTree = "<group>";
		};
		8A9B6D88253F309B00E6CC0C /* Settings */ = {
			isa = PBXGroup;
			children = (
				8A9B6D74253F088F00E6CC0C /* InfoView.swift */,
				8A9B6D6F253F07D800E6CC0C /* SettingsView.swift */,
				B5DF0718258FE30600CE332B /* PrivacyDataView.swift */,
			);
			path = Settings;
			sourceTree = "<group>";
		};
		8AA3C522253CB5AF00ACBE64 /* Model */ = {
			isa = PBXGroup;
			children = (
				8AF9A00F2544D81A00A4A5FA /* Event.swift */,
				B5DF06EF258D055100CE332B /* User.swift */,
			);
			path = Model;
			sourceTree = "<group>";
		};
		8AA3C523253CB5B600ACBE64 /* View */ = {
			isa = PBXGroup;
			children = (
				8AB2AF76253F706100CA1A58 /* Common */,
				8A9B6D88253F309B00E6CC0C /* Settings */,
				8A9B6D87253F308700E6CC0C /* Account */,
				8A9B6D86253F307F00E6CC0C /* Events */,
			);
			path = View;
			sourceTree = "<group>";
		};
		8AA3C524253CB5BB00ACBE64 /* View Model */ = {
			isa = PBXGroup;
			children = (
				8A592C45254758E400E0B7E9 /* EventsViewModel.swift */,
				B5DF0713258FDF4400CE332B /* PrivacyDataViewModel.swift */,
			);
			path = "View Model";
			sourceTree = "<group>";
		};
		8AA3C525253CB5C500ACBE64 /* Helpers */ = {
			isa = PBXGroup;
			children = (
				8AA3C537253CC04F00ACBE64 /* Colors.swift */,
				8AA3C55F253CDD4E00ACBE64 /* Font.swift */,
				8AB2AED4253F395E00CA1A58 /* StaticStrings.swift */,
			);
			path = Helpers;
			sourceTree = "<group>";
		};
		8AB2AF76253F706100CA1A58 /* Common */ = {
			isa = PBXGroup;
			children = (
				8AC287992542290700196D33 /* ActivityIndicator.swift */,
				8AC2879E2543568F00196D33 /* HamburgerMenu.swift */,
				8AC287BC254363C000196D33 /* NavigationConfigurator.swift */,
				8AC287E825443B6200196D33 /* Toast.swift */,
				8AF9A0142544DAD800A4A5FA /* RootView.swift */,
			);
			path = Common;
			sourceTree = "<group>";
		};
		8AC287902542229900196D33 /* Extension */ = {
			isa = PBXGroup;
			children = (
				8AC28791254222A700196D33 /* View.swift */,
				8AC287C12544361B00196D33 /* String.swift */,
			);
			path = Extension;
			sourceTree = "<group>";
		};
		F5633403600FE582FC2DB72E /* Frameworks */ = {
			isa = PBXGroup;
			children = (
				866B818150B28188CE9D0FE7 /* Pods_DasHalloProjekt.framework */,
				CD50174B5A97FCB314D8DB71 /* Pods_DasHalloProjekt_DasHalloProjektUITests.framework */,
				8BECA344B4586A7BF5AF4C87 /* Pods_DasHalloProjektTests.framework */,
			);
			name = Frameworks;
			sourceTree = "<group>";
		};
/* End PBXGroup section */

/* Begin PBXNativeTarget section */
		8A41BE022539D6C100029228 /* DasHalloProjekt */ = {
			isa = PBXNativeTarget;
			buildConfigurationList = 8A41BE2D2539D6C500029228 /* Build configuration list for PBXNativeTarget "DasHalloProjekt" */;
			buildPhases = (
				E4A55137F743FA444EAB544B /* [CP] Check Pods Manifest.lock */,
				8A41BDFF2539D6C100029228 /* Sources */,
				8A41BE002539D6C100029228 /* Frameworks */,
				8A41BE012539D6C100029228 /* Resources */,
				57D531DA232E7C7065171F62 /* [CP] Embed Pods Frameworks */,
			);
			buildRules = (
			);
			dependencies = (
			);
			name = DasHalloProjekt;
			productName = DasHalloProjekt;
			productReference = 8A41BE032539D6C100029228 /* DasHalloProjekt.app */;
			productType = "com.apple.product-type.application";
		};
		8A41BE182539D6C500029228 /* DasHalloProjektTests */ = {
			isa = PBXNativeTarget;
			buildConfigurationList = 8A41BE302539D6C500029228 /* Build configuration list for PBXNativeTarget "DasHalloProjektTests" */;
			buildPhases = (
				69B2CAA7074730896A722BEA /* [CP] Check Pods Manifest.lock */,
				8A41BE152539D6C500029228 /* Sources */,
				8A41BE162539D6C500029228 /* Frameworks */,
				8A41BE172539D6C500029228 /* Resources */,
			);
			buildRules = (
			);
			dependencies = (
				8A41BE1B2539D6C500029228 /* PBXTargetDependency */,
			);
			name = DasHalloProjektTests;
			productName = DasHalloProjektTests;
			productReference = 8A41BE192539D6C500029228 /* DasHalloProjektTests.xctest */;
			productType = "com.apple.product-type.bundle.unit-test";
		};
		8A41BE232539D6C500029228 /* DasHalloProjektUITests */ = {
			isa = PBXNativeTarget;
			buildConfigurationList = 8A41BE332539D6C500029228 /* Build configuration list for PBXNativeTarget "DasHalloProjektUITests" */;
			buildPhases = (
				F6B4FFE5F0B56E7292B08334 /* [CP] Check Pods Manifest.lock */,
				8A41BE202539D6C500029228 /* Sources */,
				8A41BE212539D6C500029228 /* Frameworks */,
				8A41BE222539D6C500029228 /* Resources */,
				D2A4EF4866D924165B919B6D /* [CP] Embed Pods Frameworks */,
			);
			buildRules = (
			);
			dependencies = (
				8A41BE262539D6C500029228 /* PBXTargetDependency */,
			);
			name = DasHalloProjektUITests;
			productName = DasHalloProjektUITests;
			productReference = 8A41BE242539D6C500029228 /* DasHalloProjektUITests.xctest */;
			productType = "com.apple.product-type.bundle.ui-testing";
		};
/* End PBXNativeTarget section */

/* Begin PBXProject section */
		8A41BDFB2539D6C000029228 /* Project object */ = {
			isa = PBXProject;
			attributes = {
				LastSwiftUpdateCheck = 1200;
				LastUpgradeCheck = 1200;
				TargetAttributes = {
					8A41BE022539D6C100029228 = {
						CreatedOnToolsVersion = 12.0.1;
					};
					8A41BE182539D6C500029228 = {
						CreatedOnToolsVersion = 12.0.1;
						TestTargetID = 8A41BE022539D6C100029228;
					};
					8A41BE232539D6C500029228 = {
						CreatedOnToolsVersion = 12.0.1;
						TestTargetID = 8A41BE022539D6C100029228;
					};
				};
			};
			buildConfigurationList = 8A41BDFE2539D6C000029228 /* Build configuration list for PBXProject "DasHalloProjekt" */;
			compatibilityVersion = "Xcode 9.3";
			developmentRegion = en;
			hasScannedForEncodings = 0;
			knownRegions = (
				en,
				Base,
			);
			mainGroup = 8A41BDFA2539D6C000029228;
			productRefGroup = 8A41BE042539D6C100029228 /* Products */;
			projectDirPath = "";
			projectRoot = "";
			targets = (
				8A41BE022539D6C100029228 /* DasHalloProjekt */,
				8A41BE182539D6C500029228 /* DasHalloProjektTests */,
				8A41BE232539D6C500029228 /* DasHalloProjektUITests */,
			);
		};
/* End PBXProject section */

/* Begin PBXResourcesBuildPhase section */
		8A41BE012539D6C100029228 /* Resources */ = {
			isa = PBXResourcesBuildPhase;
			buildActionMask = 2147483647;
			files = (
				8A41BE132539D6C400029228 /* LaunchScreen.storyboard in Resources */,
				8AB2AF54253F69D900CA1A58 /* GoogleService-Info.plist in Resources */,
				8A41BE102539D6C400029228 /* Preview Assets.xcassets in Resources */,
				8A41BE0D2539D6C400029228 /* Assets.xcassets in Resources */,
			);
			runOnlyForDeploymentPostprocessing = 0;
		};
		8A41BE172539D6C500029228 /* Resources */ = {
			isa = PBXResourcesBuildPhase;
			buildActionMask = 2147483647;
			files = (
			);
			runOnlyForDeploymentPostprocessing = 0;
		};
		8A41BE222539D6C500029228 /* Resources */ = {
			isa = PBXResourcesBuildPhase;
			buildActionMask = 2147483647;
			files = (
			);
			runOnlyForDeploymentPostprocessing = 0;
		};
/* End PBXResourcesBuildPhase section */

/* Begin PBXShellScriptBuildPhase section */
		57D531DA232E7C7065171F62 /* [CP] Embed Pods Frameworks */ = {
			isa = PBXShellScriptBuildPhase;
			buildActionMask = 2147483647;
			files = (
			);
			inputFileListPaths = (
				"${PODS_ROOT}/Target Support Files/Pods-DasHalloProjekt/Pods-DasHalloProjekt-frameworks-${CONFIGURATION}-input-files.xcfilelist",
			);
			name = "[CP] Embed Pods Frameworks";
			outputFileListPaths = (
				"${PODS_ROOT}/Target Support Files/Pods-DasHalloProjekt/Pods-DasHalloProjekt-frameworks-${CONFIGURATION}-output-files.xcfilelist",
			);
			runOnlyForDeploymentPostprocessing = 0;
			shellPath = /bin/sh;
			shellScript = "\"${PODS_ROOT}/Target Support Files/Pods-DasHalloProjekt/Pods-DasHalloProjekt-frameworks.sh\"\n";
			showEnvVarsInLog = 0;
		};
		69B2CAA7074730896A722BEA /* [CP] Check Pods Manifest.lock */ = {
			isa = PBXShellScriptBuildPhase;
			buildActionMask = 2147483647;
			files = (
			);
			inputFileListPaths = (
			);
			inputPaths = (
				"${PODS_PODFILE_DIR_PATH}/Podfile.lock",
				"${PODS_ROOT}/Manifest.lock",
			);
			name = "[CP] Check Pods Manifest.lock";
			outputFileListPaths = (
			);
			outputPaths = (
				"$(DERIVED_FILE_DIR)/Pods-DasHalloProjektTests-checkManifestLockResult.txt",
			);
			runOnlyForDeploymentPostprocessing = 0;
			shellPath = /bin/sh;
			shellScript = "diff \"${PODS_PODFILE_DIR_PATH}/Podfile.lock\" \"${PODS_ROOT}/Manifest.lock\" > /dev/null\nif [ $? != 0 ] ; then\n    # print error to STDERR\n    echo \"error: The sandbox is not in sync with the Podfile.lock. Run 'pod install' or update your CocoaPods installation.\" >&2\n    exit 1\nfi\n# This output is used by Xcode 'outputs' to avoid re-running this script phase.\necho \"SUCCESS\" > \"${SCRIPT_OUTPUT_FILE_0}\"\n";
			showEnvVarsInLog = 0;
		};
		D2A4EF4866D924165B919B6D /* [CP] Embed Pods Frameworks */ = {
			isa = PBXShellScriptBuildPhase;
			buildActionMask = 2147483647;
			files = (
			);
			inputFileListPaths = (
				"${PODS_ROOT}/Target Support Files/Pods-DasHalloProjekt-DasHalloProjektUITests/Pods-DasHalloProjekt-DasHalloProjektUITests-frameworks-${CONFIGURATION}-input-files.xcfilelist",
			);
			name = "[CP] Embed Pods Frameworks";
			outputFileListPaths = (
				"${PODS_ROOT}/Target Support Files/Pods-DasHalloProjekt-DasHalloProjektUITests/Pods-DasHalloProjekt-DasHalloProjektUITests-frameworks-${CONFIGURATION}-output-files.xcfilelist",
			);
			runOnlyForDeploymentPostprocessing = 0;
			shellPath = /bin/sh;
			shellScript = "\"${PODS_ROOT}/Target Support Files/Pods-DasHalloProjekt-DasHalloProjektUITests/Pods-DasHalloProjekt-DasHalloProjektUITests-frameworks.sh\"\n";
			showEnvVarsInLog = 0;
		};
		E4A55137F743FA444EAB544B /* [CP] Check Pods Manifest.lock */ = {
			isa = PBXShellScriptBuildPhase;
			buildActionMask = 2147483647;
			files = (
			);
			inputFileListPaths = (
			);
			inputPaths = (
				"${PODS_PODFILE_DIR_PATH}/Podfile.lock",
				"${PODS_ROOT}/Manifest.lock",
			);
			name = "[CP] Check Pods Manifest.lock";
			outputFileListPaths = (
			);
			outputPaths = (
				"$(DERIVED_FILE_DIR)/Pods-DasHalloProjekt-checkManifestLockResult.txt",
			);
			runOnlyForDeploymentPostprocessing = 0;
			shellPath = /bin/sh;
			shellScript = "diff \"${PODS_PODFILE_DIR_PATH}/Podfile.lock\" \"${PODS_ROOT}/Manifest.lock\" > /dev/null\nif [ $? != 0 ] ; then\n    # print error to STDERR\n    echo \"error: The sandbox is not in sync with the Podfile.lock. Run 'pod install' or update your CocoaPods installation.\" >&2\n    exit 1\nfi\n# This output is used by Xcode 'outputs' to avoid re-running this script phase.\necho \"SUCCESS\" > \"${SCRIPT_OUTPUT_FILE_0}\"\n";
			showEnvVarsInLog = 0;
		};
		F6B4FFE5F0B56E7292B08334 /* [CP] Check Pods Manifest.lock */ = {
			isa = PBXShellScriptBuildPhase;
			buildActionMask = 2147483647;
			files = (
			);
			inputFileListPaths = (
			);
			inputPaths = (
				"${PODS_PODFILE_DIR_PATH}/Podfile.lock",
				"${PODS_ROOT}/Manifest.lock",
			);
			name = "[CP] Check Pods Manifest.lock";
			outputFileListPaths = (
			);
			outputPaths = (
				"$(DERIVED_FILE_DIR)/Pods-DasHalloProjekt-DasHalloProjektUITests-checkManifestLockResult.txt",
			);
			runOnlyForDeploymentPostprocessing = 0;
			shellPath = /bin/sh;
			shellScript = "diff \"${PODS_PODFILE_DIR_PATH}/Podfile.lock\" \"${PODS_ROOT}/Manifest.lock\" > /dev/null\nif [ $? != 0 ] ; then\n    # print error to STDERR\n    echo \"error: The sandbox is not in sync with the Podfile.lock. Run 'pod install' or update your CocoaPods installation.\" >&2\n    exit 1\nfi\n# This output is used by Xcode 'outputs' to avoid re-running this script phase.\necho \"SUCCESS\" > \"${SCRIPT_OUTPUT_FILE_0}\"\n";
			showEnvVarsInLog = 0;
		};
/* End PBXShellScriptBuildPhase section */

/* Begin PBXSourcesBuildPhase section */
		8A41BDFF2539D6C100029228 /* Sources */ = {
			isa = PBXSourcesBuildPhase;
			buildActionMask = 2147483647;
			files = (
				B5DF0702258D121100CE332B /* EventsDetailAboutRow.swift in Sources */,
				B5DF0714258FDF4400CE332B /* PrivacyDataViewModel.swift in Sources */,
				8AC287C22544361B00196D33 /* String.swift in Sources */,
				8A9B6D75253F088F00E6CC0C /* InfoView.swift in Sources */,
				8AC28792254222A700196D33 /* View.swift in Sources */,
				8A592C46254758E400E0B7E9 /* EventsViewModel.swift in Sources */,
				8A592C3E2547568E00E0B7E9 /* NetworkManager.swift in Sources */,
				B5DF070C258D123F00CE332B /* EventsDetailAdminRow.swift in Sources */,
				8AB2AF72253F6B3C00CA1A58 /* AccountLoginIn.swift in Sources */,
				B5DF0719258FE30600CE332B /* PrivacyDataView.swift in Sources */,
				8A9B6D70253F07D800E6CC0C /* SettingsView.swift in Sources */,
				8A9B6D82253F2FD900E6CC0C /* AccountSignUpView.swift in Sources */,
				8AAC35E3253F743500EBF480 /* ForgetPasswordView.swift in Sources */,
				8AC2879F2543568F00196D33 /* HamburgerMenu.swift in Sources */,
				B5DF0707258D122C00CE332B /* EventsDetailParticipantsRow.swift in Sources */,
				8AA3C52D253CB9F200ACBE64 /* EventsTableView.swift in Sources */,
				8AF9A0152544DAD800A4A5FA /* RootView.swift in Sources */,
				8AB2AED5253F395E00CA1A58 /* StaticStrings.swift in Sources */,
				8AA3C538253CC04F00ACBE64 /* Colors.swift in Sources */,
				8AA3C560253CDD4E00ACBE64 /* Font.swift in Sources */,
				8AA3C55B253CD87800ACBE64 /* EventRow.swift in Sources */,
				8AC2879A2542290700196D33 /* ActivityIndicator.swift in Sources */,
				8A41BE072539D6C100029228 /* AppDelegate.swift in Sources */,
				8AC287E925443B6200196D33 /* Toast.swift in Sources */,
				8AC287BD254363C000196D33 /* NavigationConfigurator.swift in Sources */,
				B5DF06F5258D0EBB00CE332B /* EventsDetailView.swift in Sources */,
				8A41BE092539D6C100029228 /* SceneDelegate.swift in Sources */,
				8AF9A0102544D81A00A4A5FA /* Event.swift in Sources */,
				B5DF06F0258D055100CE332B /* User.swift in Sources */,
			);
			runOnlyForDeploymentPostprocessing = 0;
		};
		8A41BE152539D6C500029228 /* Sources */ = {
			isa = PBXSourcesBuildPhase;
			buildActionMask = 2147483647;
			files = (
				8A41BE1E2539D6C500029228 /* DasHalloProjektTests.swift in Sources */,
			);
			runOnlyForDeploymentPostprocessing = 0;
		};
		8A41BE202539D6C500029228 /* Sources */ = {
			isa = PBXSourcesBuildPhase;
			buildActionMask = 2147483647;
			files = (
				8A41BE292539D6C500029228 /* DasHalloProjektUITests.swift in Sources */,
			);
			runOnlyForDeploymentPostprocessing = 0;
		};
/* End PBXSourcesBuildPhase section */

/* Begin PBXTargetDependency section */
		8A41BE1B2539D6C500029228 /* PBXTargetDependency */ = {
			isa = PBXTargetDependency;
			target = 8A41BE022539D6C100029228 /* DasHalloProjekt */;
			targetProxy = 8A41BE1A2539D6C500029228 /* PBXContainerItemProxy */;
		};
		8A41BE262539D6C500029228 /* PBXTargetDependency */ = {
			isa = PBXTargetDependency;
			target = 8A41BE022539D6C100029228 /* DasHalloProjekt */;
			targetProxy = 8A41BE252539D6C500029228 /* PBXContainerItemProxy */;
		};
/* End PBXTargetDependency section */

/* Begin PBXVariantGroup section */
		8A41BE112539D6C400029228 /* LaunchScreen.storyboard */ = {
			isa = PBXVariantGroup;
			children = (
				8A41BE122539D6C400029228 /* Base */,
			);
			name = LaunchScreen.storyboard;
			sourceTree = "<group>";
		};
/* End PBXVariantGroup section */

/* Begin XCBuildConfiguration section */
		8A41BE2B2539D6C500029228 /* Debug */ = {
			isa = XCBuildConfiguration;
			buildSettings = {
				ALWAYS_SEARCH_USER_PATHS = NO;
				CLANG_ANALYZER_NONNULL = YES;
				CLANG_ANALYZER_NUMBER_OBJECT_CONVERSION = YES_AGGRESSIVE;
				CLANG_CXX_LANGUAGE_STANDARD = "gnu++14";
				CLANG_CXX_LIBRARY = "libc++";
				CLANG_ENABLE_MODULES = YES;
				CLANG_ENABLE_OBJC_ARC = YES;
				CLANG_ENABLE_OBJC_WEAK = YES;
				CLANG_WARN_BLOCK_CAPTURE_AUTORELEASING = YES;
				CLANG_WARN_BOOL_CONVERSION = YES;
				CLANG_WARN_COMMA = YES;
				CLANG_WARN_CONSTANT_CONVERSION = YES;
				CLANG_WARN_DEPRECATED_OBJC_IMPLEMENTATIONS = YES;
				CLANG_WARN_DIRECT_OBJC_ISA_USAGE = YES_ERROR;
				CLANG_WARN_DOCUMENTATION_COMMENTS = YES;
				CLANG_WARN_EMPTY_BODY = YES;
				CLANG_WARN_ENUM_CONVERSION = YES;
				CLANG_WARN_INFINITE_RECURSION = YES;
				CLANG_WARN_INT_CONVERSION = YES;
				CLANG_WARN_NON_LITERAL_NULL_CONVERSION = YES;
				CLANG_WARN_OBJC_IMPLICIT_RETAIN_SELF = YES;
				CLANG_WARN_OBJC_LITERAL_CONVERSION = YES;
				CLANG_WARN_OBJC_ROOT_CLASS = YES_ERROR;
				CLANG_WARN_QUOTED_INCLUDE_IN_FRAMEWORK_HEADER = YES;
				CLANG_WARN_RANGE_LOOP_ANALYSIS = YES;
				CLANG_WARN_STRICT_PROTOTYPES = YES;
				CLANG_WARN_SUSPICIOUS_MOVE = YES;
				CLANG_WARN_UNGUARDED_AVAILABILITY = YES_AGGRESSIVE;
				CLANG_WARN_UNREACHABLE_CODE = YES;
				CLANG_WARN__DUPLICATE_METHOD_MATCH = YES;
				COPY_PHASE_STRIP = NO;
				DEBUG_INFORMATION_FORMAT = dwarf;
				ENABLE_STRICT_OBJC_MSGSEND = YES;
				ENABLE_TESTABILITY = YES;
				GCC_C_LANGUAGE_STANDARD = gnu11;
				GCC_DYNAMIC_NO_PIC = NO;
				GCC_NO_COMMON_BLOCKS = YES;
				GCC_OPTIMIZATION_LEVEL = 0;
				GCC_PREPROCESSOR_DEFINITIONS = (
					"DEBUG=1",
					"$(inherited)",
				);
				GCC_WARN_64_TO_32_BIT_CONVERSION = YES;
				GCC_WARN_ABOUT_RETURN_TYPE = YES_ERROR;
				GCC_WARN_UNDECLARED_SELECTOR = YES;
				GCC_WARN_UNINITIALIZED_AUTOS = YES_AGGRESSIVE;
				GCC_WARN_UNUSED_FUNCTION = YES;
				GCC_WARN_UNUSED_VARIABLE = YES;
				IPHONEOS_DEPLOYMENT_TARGET = 14.0;
				MTL_ENABLE_DEBUG_INFO = INCLUDE_SOURCE;
				MTL_FAST_MATH = YES;
				ONLY_ACTIVE_ARCH = YES;
				SDKROOT = iphoneos;
				SWIFT_ACTIVE_COMPILATION_CONDITIONS = DEBUG;
				SWIFT_OPTIMIZATION_LEVEL = "-Onone";
			};
			name = Debug;
		};
		8A41BE2C2539D6C500029228 /* Release */ = {
			isa = XCBuildConfiguration;
			buildSettings = {
				ALWAYS_SEARCH_USER_PATHS = NO;
				CLANG_ANALYZER_NONNULL = YES;
				CLANG_ANALYZER_NUMBER_OBJECT_CONVERSION = YES_AGGRESSIVE;
				CLANG_CXX_LANGUAGE_STANDARD = "gnu++14";
				CLANG_CXX_LIBRARY = "libc++";
				CLANG_ENABLE_MODULES = YES;
				CLANG_ENABLE_OBJC_ARC = YES;
				CLANG_ENABLE_OBJC_WEAK = YES;
				CLANG_WARN_BLOCK_CAPTURE_AUTORELEASING = YES;
				CLANG_WARN_BOOL_CONVERSION = YES;
				CLANG_WARN_COMMA = YES;
				CLANG_WARN_CONSTANT_CONVERSION = YES;
				CLANG_WARN_DEPRECATED_OBJC_IMPLEMENTATIONS = YES;
				CLANG_WARN_DIRECT_OBJC_ISA_USAGE = YES_ERROR;
				CLANG_WARN_DOCUMENTATION_COMMENTS = YES;
				CLANG_WARN_EMPTY_BODY = YES;
				CLANG_WARN_ENUM_CONVERSION = YES;
				CLANG_WARN_INFINITE_RECURSION = YES;
				CLANG_WARN_INT_CONVERSION = YES;
				CLANG_WARN_NON_LITERAL_NULL_CONVERSION = YES;
				CLANG_WARN_OBJC_IMPLICIT_RETAIN_SELF = YES;
				CLANG_WARN_OBJC_LITERAL_CONVERSION = YES;
				CLANG_WARN_OBJC_ROOT_CLASS = YES_ERROR;
				CLANG_WARN_QUOTED_INCLUDE_IN_FRAMEWORK_HEADER = YES;
				CLANG_WARN_RANGE_LOOP_ANALYSIS = YES;
				CLANG_WARN_STRICT_PROTOTYPES = YES;
				CLANG_WARN_SUSPICIOUS_MOVE = YES;
				CLANG_WARN_UNGUARDED_AVAILABILITY = YES_AGGRESSIVE;
				CLANG_WARN_UNREACHABLE_CODE = YES;
				CLANG_WARN__DUPLICATE_METHOD_MATCH = YES;
				COPY_PHASE_STRIP = NO;
				DEBUG_INFORMATION_FORMAT = "dwarf-with-dsym";
				ENABLE_NS_ASSERTIONS = NO;
				ENABLE_STRICT_OBJC_MSGSEND = YES;
				GCC_C_LANGUAGE_STANDARD = gnu11;
				GCC_NO_COMMON_BLOCKS = YES;
				GCC_WARN_64_TO_32_BIT_CONVERSION = YES;
				GCC_WARN_ABOUT_RETURN_TYPE = YES_ERROR;
				GCC_WARN_UNDECLARED_SELECTOR = YES;
				GCC_WARN_UNINITIALIZED_AUTOS = YES_AGGRESSIVE;
				GCC_WARN_UNUSED_FUNCTION = YES;
				GCC_WARN_UNUSED_VARIABLE = YES;
				IPHONEOS_DEPLOYMENT_TARGET = 14.0;
				MTL_ENABLE_DEBUG_INFO = NO;
				MTL_FAST_MATH = YES;
				SDKROOT = iphoneos;
				SWIFT_COMPILATION_MODE = wholemodule;
				SWIFT_OPTIMIZATION_LEVEL = "-O";
				VALIDATE_PRODUCT = YES;
			};
			name = Release;
		};
		8A41BE2E2539D6C500029228 /* Debug */ = {
			isa = XCBuildConfiguration;
			baseConfigurationReference = B62EF8125FB4D82CD06D32A4 /* Pods-DasHalloProjekt.debug.xcconfig */;
			buildSettings = {
				ASSETCATALOG_COMPILER_APPICON_NAME = AppIcon;
				ASSETCATALOG_COMPILER_GLOBAL_ACCENT_COLOR_NAME = AccentColor;
				CODE_SIGN_STYLE = Automatic;
				DEVELOPMENT_ASSET_PATHS = "\"DasHalloProjekt/Preview Content\"";
				DEVELOPMENT_TEAM = H325X38UPQ;
				ENABLE_PREVIEWS = YES;
				INFOPLIST_FILE = DasHalloProjekt/Info.plist;
				LD_RUNPATH_SEARCH_PATHS = (
					"$(inherited)",
					"@executable_path/Frameworks",
				);
				PRODUCT_BUNDLE_IDENTIFIER = com.events.DasHalloProjekt;
				PRODUCT_NAME = "$(TARGET_NAME)";
				SWIFT_VERSION = 5.0;
				TARGETED_DEVICE_FAMILY = "1,2";
			};
			name = Debug;
		};
		8A41BE2F2539D6C500029228 /* Release */ = {
			isa = XCBuildConfiguration;
			baseConfigurationReference = D68FDBA4C3C1176DC520CD4B /* Pods-DasHalloProjekt.release.xcconfig */;
			buildSettings = {
				ASSETCATALOG_COMPILER_APPICON_NAME = AppIcon;
				ASSETCATALOG_COMPILER_GLOBAL_ACCENT_COLOR_NAME = AccentColor;
				CODE_SIGN_STYLE = Automatic;
				DEVELOPMENT_ASSET_PATHS = "\"DasHalloProjekt/Preview Content\"";
				DEVELOPMENT_TEAM = H325X38UPQ;
				ENABLE_PREVIEWS = YES;
				INFOPLIST_FILE = DasHalloProjekt/Info.plist;
				LD_RUNPATH_SEARCH_PATHS = (
					"$(inherited)",
					"@executable_path/Frameworks",
				);
				PRODUCT_BUNDLE_IDENTIFIER = com.events.DasHalloProjekt;
				PRODUCT_NAME = "$(TARGET_NAME)";
				SWIFT_VERSION = 5.0;
				TARGETED_DEVICE_FAMILY = "1,2";
			};
			name = Release;
		};
		8A41BE312539D6C500029228 /* Debug */ = {
			isa = XCBuildConfiguration;
			baseConfigurationReference = 7C87B693E9CE2EE28FA1DB3D /* Pods-DasHalloProjektTests.debug.xcconfig */;
			buildSettings = {
				ALWAYS_EMBED_SWIFT_STANDARD_LIBRARIES = YES;
				BUNDLE_LOADER = "$(TEST_HOST)";
				CODE_SIGN_STYLE = Automatic;
				DEVELOPMENT_TEAM = U2D95CPQGW;
				INFOPLIST_FILE = DasHalloProjektTests/Info.plist;
				IPHONEOS_DEPLOYMENT_TARGET = 14.0;
				LD_RUNPATH_SEARCH_PATHS = (
					"$(inherited)",
					"@executable_path/Frameworks",
					"@loader_path/Frameworks",
				);
				PRODUCT_BUNDLE_IDENTIFIER = com.sharmin.DasHalloProjektTests;
				PRODUCT_NAME = "$(TARGET_NAME)";
				SWIFT_VERSION = 5.0;
				TARGETED_DEVICE_FAMILY = "1,2";
				TEST_HOST = "$(BUILT_PRODUCTS_DIR)/DasHalloProjekt.app/DasHalloProjekt";
			};
			name = Debug;
		};
		8A41BE322539D6C500029228 /* Release */ = {
			isa = XCBuildConfiguration;
			baseConfigurationReference = 03CCB87C647F884CFA872974 /* Pods-DasHalloProjektTests.release.xcconfig */;
			buildSettings = {
				ALWAYS_EMBED_SWIFT_STANDARD_LIBRARIES = YES;
				BUNDLE_LOADER = "$(TEST_HOST)";
				CODE_SIGN_STYLE = Automatic;
				DEVELOPMENT_TEAM = U2D95CPQGW;
				INFOPLIST_FILE = DasHalloProjektTests/Info.plist;
				IPHONEOS_DEPLOYMENT_TARGET = 14.0;
				LD_RUNPATH_SEARCH_PATHS = (
					"$(inherited)",
					"@executable_path/Frameworks",
					"@loader_path/Frameworks",
				);
				PRODUCT_BUNDLE_IDENTIFIER = com.sharmin.DasHalloProjektTests;
				PRODUCT_NAME = "$(TARGET_NAME)";
				SWIFT_VERSION = 5.0;
				TARGETED_DEVICE_FAMILY = "1,2";
				TEST_HOST = "$(BUILT_PRODUCTS_DIR)/DasHalloProjekt.app/DasHalloProjekt";
			};
			name = Release;
		};
		8A41BE342539D6C500029228 /* Debug */ = {
			isa = XCBuildConfiguration;
			baseConfigurationReference = 425D0A8F3E14D60E116D9E15 /* Pods-DasHalloProjekt-DasHalloProjektUITests.debug.xcconfig */;
			buildSettings = {
				ALWAYS_EMBED_SWIFT_STANDARD_LIBRARIES = YES;
				CODE_SIGN_STYLE = Automatic;
				DEVELOPMENT_TEAM = U2D95CPQGW;
				INFOPLIST_FILE = DasHalloProjektUITests/Info.plist;
				LD_RUNPATH_SEARCH_PATHS = (
					"$(inherited)",
					"@executable_path/Frameworks",
					"@loader_path/Frameworks",
				);
				PRODUCT_BUNDLE_IDENTIFIER = com.sharmin.DasHalloProjektUITests;
				PRODUCT_NAME = "$(TARGET_NAME)";
				SWIFT_VERSION = 5.0;
				TARGETED_DEVICE_FAMILY = "1,2";
				TEST_TARGET_NAME = DasHalloProjekt;
			};
			name = Debug;
		};
		8A41BE352539D6C500029228 /* Release */ = {
			isa = XCBuildConfiguration;
			baseConfigurationReference = 50177B87F427BA40B99D21B2 /* Pods-DasHalloProjekt-DasHalloProjektUITests.release.xcconfig */;
			buildSettings = {
				ALWAYS_EMBED_SWIFT_STANDARD_LIBRARIES = YES;
				CODE_SIGN_STYLE = Automatic;
				DEVELOPMENT_TEAM = U2D95CPQGW;
				INFOPLIST_FILE = DasHalloProjektUITests/Info.plist;
				LD_RUNPATH_SEARCH_PATHS = (
					"$(inherited)",
					"@executable_path/Frameworks",
					"@loader_path/Frameworks",
				);
				PRODUCT_BUNDLE_IDENTIFIER = com.sharmin.DasHalloProjektUITests;
				PRODUCT_NAME = "$(TARGET_NAME)";
				SWIFT_VERSION = 5.0;
				TARGETED_DEVICE_FAMILY = "1,2";
				TEST_TARGET_NAME = DasHalloProjekt;
			};
			name = Release;
		};
/* End XCBuildConfiguration section */

/* Begin XCConfigurationList section */
		8A41BDFE2539D6C000029228 /* Build configuration list for PBXProject "DasHalloProjekt" */ = {
			isa = XCConfigurationList;
			buildConfigurations = (
				8A41BE2B2539D6C500029228 /* Debug */,
				8A41BE2C2539D6C500029228 /* Release */,
			);
			defaultConfigurationIsVisible = 0;
			defaultConfigurationName = Release;
		};
		8A41BE2D2539D6C500029228 /* Build configuration list for PBXNativeTarget "DasHalloProjekt" */ = {
			isa = XCConfigurationList;
			buildConfigurations = (
				8A41BE2E2539D6C500029228 /* Debug */,
				8A41BE2F2539D6C500029228 /* Release */,
			);
			defaultConfigurationIsVisible = 0;
			defaultConfigurationName = Release;
		};
		8A41BE302539D6C500029228 /* Build configuration list for PBXNativeTarget "DasHalloProjektTests" */ = {
			isa = XCConfigurationList;
			buildConfigurations = (
				8A41BE312539D6C500029228 /* Debug */,
				8A41BE322539D6C500029228 /* Release */,
			);
			defaultConfigurationIsVisible = 0;
			defaultConfigurationName = Release;
		};
		8A41BE332539D6C500029228 /* Build configuration list for PBXNativeTarget "DasHalloProjektUITests" */ = {
			isa = XCConfigurationList;
			buildConfigurations = (
				8A41BE342539D6C500029228 /* Debug */,
				8A41BE352539D6C500029228 /* Release */,
			);
			defaultConfigurationIsVisible = 0;
			defaultConfigurationName = Release;
		};
/* End XCConfigurationList section */
	};
	rootObject = 8A41BDFB2539D6C000029228 /* Project object */;
}
